
Microsoft Visual Studio Solution File, Format Version 12.00
# Visual Studio Version 17
VisualStudioVersion = 17.5.33530.505
MinimumVisualStudioVersion = 10.0.40219.1
Project("{9A19103F-16F7-4668-BE54-9A1E7A4F7556}") = "MicroTube", "MicroTube\MicroTube.csproj", "{30C7E9CB-EF91-4E82-847A-340A00BCBF8B}"
EndProject
Project("{9A19103F-16F7-4668-BE54-9A1E7A4F7556}") = "MicroTube.Tests", "MicroTube.Tests\MicroTube.Tests.csproj", "{F2D1D21F-AE00-4143-A243-7C5B7E8ABEFC}"
EndProject
Project("{E53339B2-1760-4266-BCC7-CA923CBCF16C}") = "docker-compose", "docker-compose.dcproj", "{F2F81E75-DEB4-403C-9F13-9C83FA22C952}"
EndProject
Project("{54A90642-561A-4BB1-A94E-469ADEE60C69}") = "MicroTube.Client.Angular", "MicroTube.Client.Angular\MicroTube.Client.Angular.esproj", "{D847838F-FD1F-4E60-8CAC-B5F0A790E324}"
EndProject
Global
	GlobalSection(SolutionConfigurationPlatforms) = preSolution
		Debug|Any CPU = Debug|Any CPU
		Release|Any CPU = Release|Any CPU
	EndGlobalSection
	GlobalSection(ProjectConfigurationPlatforms) = postSolution
		{30C7E9CB-EF91-4E82-847A-340A00BCBF8B}.Debug|Any CPU.ActiveCfg = Debug|Any CPU
		{30C7E9CB-EF91-4E82-847A-340A00BCBF8B}.Debug|Any CPU.Build.0 = Debug|Any CPU
		{30C7E9CB-EF91-4E82-847A-340A00BCBF8B}.Release|Any CPU.ActiveCfg = Release|Any CPU
		{30C7E9CB-EF91-4E82-847A-340A00BCBF8B}.Release|Any CPU.Build.0 = Release|Any CPU
		{F2D1D21F-AE00-4143-A243-7C5B7E8ABEFC}.Debug|Any CPU.ActiveCfg = Debug|Any CPU
		{F2D1D21F-AE00-4143-A243-7C5B7E8ABEFC}.Debug|Any CPU.Build.0 = Debug|Any CPU
		{F2D1D21F-AE00-4143-A243-7C5B7E8ABEFC}.Release|Any CPU.ActiveCfg = Release|Any CPU
		{F2D1D21F-AE00-4143-A243-7C5B7E8ABEFC}.Release|Any CPU.Build.0 = Release|Any CPU
		{F2F81E75-DEB4-403C-9F13-9C83FA22C952}.Debug|Any CPU.ActiveCfg = Debug|Any CPU
		{F2F81E75-DEB4-403C-9F13-9C83FA22C952}.Debug|Any CPU.Build.0 = Debug|Any CPU
		{F2F81E75-DEB4-403C-9F13-9C83FA22C952}.Release|Any CPU.ActiveCfg = Release|Any CPU
		{F2F81E75-DEB4-403C-9F13-9C83FA22C952}.Release|Any CPU.Build.0 = Release|Any CPU
		{D847838F-FD1F-4E60-8CAC-B5F0A790E324}.Debug|Any CPU.ActiveCfg = Debug|Any CPU
		{D847838F-FD1F-4E60-8CAC-B5F0A790E324}.Debug|Any CPU.Build.0 = Debug|Any CPU
		{D847838F-FD1F-4E60-8CAC-B5F0A790E324}.Debug|Any CPU.Deploy.0 = Debug|Any CPU
		{D847838F-FD1F-4E60-8CAC-B5F0A790E324}.Release|Any CPU.ActiveCfg = Release|Any CPU
		{D847838F-FD1F-4E60-8CAC-B5F0A790E324}.Release|Any CPU.Build.0 = Release|Any CPU
		{D847838F-FD1F-4E60-8CAC-B5F0A790E324}.Release|Any CPU.Deploy.0 = Release|Any CPU
	EndGlobalSection
	GlobalSection(SolutionProperties) = preSolution
		HideSolutionNode = FALSE
	EndGlobalSection
	GlobalSection(ExtensibilityGlobals) = postSolution
		SolutionGuid = {0AA8F710-26AE-4DC8-879E-714DC3044BF4}
	EndGlobalSection
EndGlobal
